{
    "_meta": {
        "hash": {
            "sha256": "724d35fd77b40f2a455da68e297f90cedfb2a5760ad57d3ddd6b4bdc883bddd7"
        },
        "pipfile-spec": 6,
        "requires": {
            "python_version": "3.9"
        },
        "sources": [
            {
                "name": "pypi",
                "url": "https://pypi.org/simple",
                "verify_ssl": true
            },
            {
                "name": "downloadpytorch",
                "url": "https://download.pytorch.org/whl/cu118",
                "verify_ssl": true
            }
        ]
    },
    "default": {},
    "develop": {}
}
